// !$*UTF8*$!
{
	archiveVersion = 1;
	classes = {
	};
	objectVersion = 55;
	objects = {

/* Begin PBXBuildFile section */
		7532C89926C87C4C005CBB30 /* AppDelegate.swift in Sources */ = {isa = PBXBuildFile; fileRef = 7532C89826C87C4C005CBB30 /* AppDelegate.swift */; };
		7532C89B26C87C4C005CBB30 /* SceneDelegate.swift in Sources */ = {isa = PBXBuildFile; fileRef = 7532C89A26C87C4C005CBB30 /* SceneDelegate.swift */; };
		7532C89D26C87C4C005CBB30 /* ViewController.swift in Sources */ = {isa = PBXBuildFile; fileRef = 7532C89C26C87C4C005CBB30 /* ViewController.swift */; };
		7532C8A026C87C4C005CBB30 /* Main.storyboard in Resources */ = {isa = PBXBuildFile; fileRef = 7532C89E26C87C4C005CBB30 /* Main.storyboard */; };
		7532C8A226C87C50005CBB30 /* Assets.xcassets in Resources */ = {isa = PBXBuildFile; fileRef = 7532C8A126C87C50005CBB30 /* Assets.xcassets */; };
		7532C8A526C87C50005CBB30 /* LaunchScreen.storyboard in Resources */ = {isa = PBXBuildFile; fileRef = 7532C8A326C87C50005CBB30 /* LaunchScreen.storyboard */; };
		7532C8B026C87C50005CBB30 /* PlacesTests.swift in Sources */ = {isa = PBXBuildFile; fileRef = 7532C8AF26C87C50005CBB30 /* PlacesTests.swift */; };
		7532C8BA26C87C50005CBB30 /* PlacesUITests.swift in Sources */ = {isa = PBXBuildFile; fileRef = 7532C8B926C87C50005CBB30 /* PlacesUITests.swift */; };
		753F7B1326C9A2F500DA14CE /* ResultsViewController.swift in Sources */ = {isa = PBXBuildFile; fileRef = 753F7B1226C9A2F500DA14CE /* ResultsViewController.swift */; };
/* End PBXBuildFile section */

/* Begin PBXContainerItemProxy section */
		7532C8AC26C87C50005CBB30 /* PBXContainerItemProxy */ = {
			isa = PBXContainerItemProxy;
			containerPortal = 7532C88D26C87C4C005CBB30 /* Project object */;
			proxyType = 1;
			remoteGlobalIDString = 7532C89426C87C4C005CBB30;
			remoteInfo = Places;
		};
		7532C8B626C87C50005CBB30 /* PBXContainerItemProxy */ = {
			isa = PBXContainerItemProxy;
			containerPortal = 7532C88D26C87C4C005CBB30 /* Project object */;
			proxyType = 1;
			remoteGlobalIDString = 7532C89426C87C4C005CBB30;
			remoteInfo = Places;
		};
/* End PBXContainerItemProxy section */

/* Begin PBXFileReference section */
		7532C89526C87C4C005CBB30 /* Places.app */ = {isa = PBXFileReference; explicitFileType = wrapper.application; includeInIndex = 0; path = Places.app; sourceTree = BUILT_PRODUCTS_DIR; };
		7532C89826C87C4C005CBB30 /* AppDelegate.swift */ = {isa = PBXFileReference; lastKnownFileType = sourcecode.swift; path = AppDelegate.swift; sourceTree = "<group>"; };
		7532C89A26C87C4C005CBB30 /* SceneDelegate.swift */ = {isa = PBXFileReference; lastKnownFileType = sourcecode.swift; path = SceneDelegate.swift; sourceTree = "<group>"; };
		7532C89C26C87C4C005CBB30 /* ViewController.swift */ = {isa = PBXFileReference; lastKnownFileType = sourcecode.swift; path = ViewController.swift; sourceTree = "<group>"; };
		7532C89F26C87C4C005CBB30 /* Base */ = {isa = PBXFileReference; lastKnownFileType = file.storyboard; name = Base; path = Base.lproj/Main.storyboard; sourceTree = "<group>"; };
		7532C8A126C87C50005CBB30 /* Assets.xcassets */ = {isa = PBXFileReference; lastKnownFileType = folder.assetcatalog; path = Assets.xcassets; sourceTree = "<group>"; };
		7532C8A426C87C50005CBB30 /* Base */ = {isa = PBXFileReference; lastKnownFileType = file.storyboard; name = Base; path = Base.lproj/LaunchScreen.storyboard; sourceTree = "<group>"; };
		7532C8A626C87C50005CBB30 /* Info.plist */ = {isa = PBXFileReference; lastKnownFileType = text.plist.xml; path = Info.plist; sourceTree = "<group>"; };
		7532C8AB26C87C50005CBB30 /* PlacesTests.xctest */ = {isa = PBXFileReference; explicitFileType = wrapper.cfbundle; includeInIndex = 0; path = PlacesTests.xctest; sourceTree = BUILT_PRODUCTS_DIR; };
		7532C8AF26C87C50005CBB30 /* PlacesTests.swift */ = {isa = PBXFileReference; lastKnownFileType = sourcecode.swift; path = PlacesTests.swift; sourceTree = "<group>"; };
		7532C8B526C87C50005CBB30 /* PlacesUITests.xctest */ = {isa = PBXFileReference; explicitFileType = wrapper.cfbundle; includeInIndex = 0; path = PlacesUITests.xctest; sourceTree = BUILT_PRODUCTS_DIR; };
		7532C8B926C87C50005CBB30 /* PlacesUITests.swift */ = {isa = PBXFileReference; lastKnownFileType = sourcecode.swift; path = PlacesUITests.swift; sourceTree = "<group>"; };
		753F7B1226C9A2F500DA14CE /* ResultsViewController.swift */ = {isa = PBXFileReference; lastKnownFileType = sourcecode.swift; path = ResultsViewController.swift; sourceTree = "<group>"; };
/* End PBXFileReference section */

/* Begin PBXFrameworksBuildPhase section */
		7532C89226C87C4C005CBB30 /* Frameworks */ = {
			isa = PBXFrameworksBuildPhase;
			buildActionMask = 2147483647;
			files = (
			);
			runOnlyForDeploymentPostprocessing = 0;
		};
		7532C8A826C87C50005CBB30 /* Frameworks */ = {
			isa = PBXFrameworksBuildPhase;
			buildActionMask = 2147483647;
			files = (
			);
			runOnlyForDeploymentPostprocessing = 0;
		};
		7532C8B226C87C50005CBB30 /* Frameworks */ = {
			isa = PBXFrameworksBuildPhase;
			buildActionMask = 2147483647;
			files = (
			);
			runOnlyForDeploymentPostprocessing = 0;
		};
/* End PBXFrameworksBuildPhase section */

/* Begin PBXGroup section */
		7532C88C26C87C4C005CBB30 = {
			isa = PBXGroup;
			children = (
				7532C89726C87C4C005CBB30 /* Places */,
				7532C8AE26C87C50005CBB30 /* PlacesTests */,
				7532C8B826C87C50005CBB30 /* PlacesUITests */,
				7532C89626C87C4C005CBB30 /* Products */,
			);
			sourceTree = "<group>";
		};
		7532C89626C87C4C005CBB30 /* Products */ = {
			isa = PBXGroup;
			children = (
				7532C89526C87C4C005CBB30 /* Places.app */,
				7532C8AB26C87C50005CBB30 /* PlacesTests.xctest */,
				7532C8B526C87C50005CBB30 /* PlacesUITests.xctest */,
			);
			name = Products;
			sourceTree = "<group>";
		};
		7532C89726C87C4C005CBB30 /* Places */ = {
			isa = PBXGroup;
			children = (
				7532C89826C87C4C005CBB30 /* AppDelegate.swift */,
				7532C89A26C87C4C005CBB30 /* SceneDelegate.swift */,
				7532C89C26C87C4C005CBB30 /* ViewController.swift */,
				753F7B1226C9A2F500DA14CE /* ResultsViewController.swift */,
				7532C89E26C87C4C005CBB30 /* Main.storyboard */,
				7532C8A126C87C50005CBB30 /* Assets.xcassets */,
				7532C8A326C87C50005CBB30 /* LaunchScreen.storyboard */,
				7532C8A626C87C50005CBB30 /* Info.plist */,
			);
			path = Places;
			sourceTree = "<group>";
		};
		7532C8AE26C87C50005CBB30 /* PlacesTests */ = {
			isa = PBXGroup;
			children = (
				7532C8AF26C87C50005CBB30 /* PlacesTests.swift */,
			);
			path = PlacesTests;
			sourceTree = "<group>";
		};
		7532C8B826C87C50005CBB30 /* PlacesUITests */ = {
			isa = PBXGroup;
			children = (
				7532C8B926C87C50005CBB30 /* PlacesUITests.swift */,
			);
			path = PlacesUITests;
			sourceTree = "<group>";
		};
/* End PBXGroup section */

/* Begin PBXNativeTarget section */
		7532C89426C87C4C005CBB30 /* Places */ = {
			isa = PBXNativeTarget;
			buildConfigurationList = 7532C8BD26C87C50005CBB30 /* Build configuration list for PBXNativeTarget "Places" */;
			buildPhases = (
				7532C89126C87C4C005CBB30 /* Sources */,
				7532C89226C87C4C005CBB30 /* Frameworks */,
				7532C89326C87C4C005CBB30 /* Resources */,
			);
			buildRules = (
			);
			dependencies = (
			);
			name = Places;
			productName = Places;
			productReference = 7532C89526C87C4C005CBB30 /* Places.app */;
			productType = "com.apple.product-type.application";
		};
		7532C8AA26C87C50005CBB30 /* PlacesTests */ = {
			isa = PBXNativeTarget;
			buildConfigurationList = 7532C8C026C87C50005CBB30 /* Build configuration list for PBXNativeTarget "PlacesTests" */;
			buildPhases = (
				7532C8A726C87C50005CBB30 /* Sources */,
				7532C8A826C87C50005CBB30 /* Frameworks */,
				7532C8A926C87C50005CBB30 /* Resources */,
			);
			buildRules = (
			);
			dependencies = (
				7532C8AD26C87C50005CBB30 /* PBXTargetDependency */,
			);
			name = PlacesTests;
			productName = PlacesTests;
			productReference = 7532C8AB26C87C50005CBB30 /* PlacesTests.xctest */;
			productType = "com.apple.product-type.bundle.unit-test";
		};
		7532C8B426C87C50005CBB30 /* PlacesUITests */ = {
			isa = PBXNativeTarget;
			buildConfigurationList = 7532C8C326C87C50005CBB30 /* Build configuration list for PBXNativeTarget "PlacesUITests" */;
			buildPhases = (
				7532C8B126C87C50005CBB30 /* Sources */,
				7532C8B226C87C50005CBB30 /* Frameworks */,
				7532C8B326C87C50005CBB30 /* Resources */,
			);
			buildRules = (
			);
			dependencies = (
				7532C8B726C87C50005CBB30 /* PBXTargetDependency */,
			);
			name = PlacesUITests;
			productName = PlacesUITests;
			productReference = 7532C8B526C87C50005CBB30 /* PlacesUITests.xctest */;
			productType = "com.apple.product-type.bundle.ui-testing";
		};
/* End PBXNativeTarget section */

/* Begin PBXProject section */
		7532C88D26C87C4C005CBB30 /* Project object */ = {
			isa = PBXProject;
			attributes = {
				BuildIndependentTargetsInParallel = 1;
				LastSwiftUpdateCheck = 1300;
				LastUpgradeCheck = 1300;
				TargetAttributes = {
					7532C89426C87C4C005CBB30 = {
						CreatedOnToolsVersion = 13.0;
					};
					7532C8AA26C87C50005CBB30 = {
						CreatedOnToolsVersion = 13.0;
						TestTargetID = 7532C89426C87C4C005CBB30;
					};
					7532C8B426C87C50005CBB30 = {
						CreatedOnToolsVersion = 13.0;
						TestTargetID = 7532C89426C87C4C005CBB30;
					};
				};
			};
			buildConfigurationList = 7532C89026C87C4C005CBB30 /* Build configuration list for PBXProject "Places" */;
			compatibilityVersion = "Xcode 13.0";
			developmentRegion = en;
			hasScannedForEncodings = 0;
			knownRegions = (
				en,
				Base,
			);
			mainGroup = 7532C88C26C87C4C005CBB30;
			productRefGroup = 7532C89626C87C4C005CBB30 /* Products */;
			projectDirPath = "";
			projectRoot = "";
			targets = (
				7532C89426C87C4C005CBB30 /* Places */,
				7532C8AA26C87C50005CBB30 /* PlacesTests */,
				7532C8B426C87C50005CBB30 /* PlacesUITests */,
			);
		};
/* End PBXProject section */

/* Begin PBXResourcesBuildPhase section */
		7532C89326C87C4C005CBB30 /* Resources */ = {
			isa = PBXResourcesBuildPhase;
			buildActionMask = 2147483647;
			files = (
				7532C8A526C87C50005CBB30 /* LaunchScreen.storyboard in Resources */,
				7532C8A226C87C50005CBB30 /* Assets.xcassets in Resources */,
				7532C8A026C87C4C005CBB30 /* Main.storyboard in Resources */,
			);
			runOnlyForDeploymentPostprocessing = 0;
		};
		7532C8A926C87C50005CBB30 /* Resources */ = {
			isa = PBXResourcesBuildPhase;
			buildActionMask = 2147483647;
			files = (
			);
			runOnlyForDeploymentPostprocessing = 0;
		};
		7532C8B326C87C50005CBB30 /* Resources */ = {
			isa = PBXResourcesBuildPhase;
			buildActionMask = 2147483647;
			files = (
			);
			runOnlyForDeploymentPostprocessing = 0;
		};
/* End PBXResourcesBuildPhase section */

/* Begin PBXSourcesBuildPhase section */
		7532C89126C87C4C005CBB30 /* Sources */ = {
			isa = PBXSourcesBuildPhase;
			buildActionMask = 2147483647;
			files = (
				7532C89D26C87C4C005CBB30 /* ViewController.swift in Sources */,
				7532C89926C87C4C005CBB30 /* AppDelegate.swift in Sources */,
				7532C89B26C87C4C005CBB30 /* SceneDelegate.swift in Sources */,
				753F7B1326C9A2F500DA14CE /* ResultsViewController.swift in Sources */,
			);
			runOnlyForDeploymentPostprocessing = 0;
		};
		7532C8A726C87C50005CBB30 /* Sources */ = {
			isa = PBXSourcesBuildPhase;
			buildActionMask = 2147483647;
			files = (
				7532C8B026C87C50005CBB30 /* PlacesTests.swift in Sources */,
			);
			runOnlyForDeploymentPostprocessing = 0;
		};
		7532C8B126C87C50005CBB30 /* Sources */ = {
			isa = PBXSourcesBuildPhase;
			buildActionMask = 2147483647;
			files = (
				7532C8BA26C87C50005CBB30 /* PlacesUITests.swift in Sources */,
			);
			runOnlyForDeploymentPostprocessing = 0;
		};
/* End PBXSourcesBuildPhase section */

/* Begin PBXTargetDependency section */
		7532C8AD26C87C50005CBB30 /* PBXTargetDependency */ = {
			isa = PBXTargetDependency;
			target = 7532C89426C87C4C005CBB30 /* Places */;
			targetProxy = 7532C8AC26C87C50005CBB30 /* PBXContainerItemProxy */;
		};
		7532C8B726C87C50005CBB30 /* PBXTargetDependency */ = {
			isa = PBXTargetDependency;
			target = 7532C89426C87C4C005CBB30 /* Places */;
			targetProxy = 7532C8B626C87C50005CBB30 /* PBXContainerItemProxy */;
		};
/* End PBXTargetDependency section */

/* Begin PBXVariantGroup section */
		7532C89E26C87C4C005CBB30 /* Main.storyboard */ = {
			isa = PBXVariantGroup;
			children = (
				7532C89F26C87C4C005CBB30 /* Base */,
			);
			name = Main.storyboard;
			sourceTree = "<group>";
		};
		7532C8A326C87C50005CBB30 /* LaunchScreen.storyboard */ = {
			isa = PBXVariantGroup;
			children = (
				7532C8A426C87C50005CBB30 /* Base */,
			);
			name = LaunchScreen.storyboard;
			sourceTree = "<group>";
		};
/* End PBXVariantGroup section */

/* Begin XCBuildConfiguration section */
		7532C8BB26C87C50005CBB30 /* Debug */ = {
			isa = XCBuildConfiguration;
			buildSettings = {
				ALWAYS_SEARCH_USER_PATHS = NO;
				CLANG_ANALYZER_NONNULL = YES;
				CLANG_ANALYZER_NUMBER_OBJECT_CONVERSION = YES_AGGRESSIVE;
				CLANG_CXX_LANGUAGE_STANDARD = "gnu++14";
				CLANG_CXX_LIBRARY = "libc++";
				CLANG_ENABLE_MODULES = YES;
				CLANG_ENABLE_OBJC_ARC = YES;
				CLANG_ENABLE_OBJC_WEAK = YES;
				CLANG_WARN_BLOCK_CAPTURE_AUTORELEASING = YES;
				CLANG_WARN_BOOL_CONVERSION = YES;
				CLANG_WARN_COMMA = YES;
				CLANG_WARN_CONSTANT_CONVERSION = YES;
				CLANG_WARN_DEPRECATED_OBJC_IMPLEMENTATIONS = YES;
				CLANG_WARN_DIRECT_OBJC_ISA_USAGE = YES_ERROR;
				CLANG_WARN_DOCUMENTATION_COMMENTS = YES;
				CLANG_WARN_EMPTY_BODY = YES;
				CLANG_WARN_ENUM_CONVERSION = YES;
				CLANG_WARN_INFINITE_RECURSION = YES;
				CLANG_WARN_INT_CONVERSION = YES;
				CLANG_WARN_NON_LITERAL_NULL_CONVERSION = YES;
				CLANG_WARN_OBJC_IMPLICIT_RETAIN_SELF = YES;
				CLANG_WARN_OBJC_LITERAL_CONVERSION = YES;
				CLANG_WARN_OBJC_ROOT_CLASS = YES_ERROR;
				CLANG_WARN_QUOTED_INCLUDE_IN_FRAMEWORK_HEADER = YES;
				CLANG_WARN_RANGE_LOOP_ANALYSIS = YES;
				CLANG_WARN_STRICT_PROTOTYPES = YES;
				CLANG_WARN_SUSPICIOUS_MOVE = YES;
				CLANG_WARN_UNGUARDED_AVAILABILITY = YES_AGGRESSIVE;
				CLANG_WARN_UNREACHABLE_CODE = YES;
				CLANG_WARN__DUPLICATE_METHOD_MATCH = YES;
				COPY_PHASE_STRIP = NO;
				DEBUG_INFORMATION_FORMAT = dwarf;
				ENABLE_STRICT_OBJC_MSGSEND = YES;
				ENABLE_TESTABILITY = YES;
				GCC_C_LANGUAGE_STANDARD = gnu11;
				GCC_DYNAMIC_NO_PIC = NO;
				GCC_NO_COMMON_BLOCKS = YES;
				GCC_OPTIMIZATION_LEVEL = 0;
				GCC_PREPROCESSOR_DEFINITIONS = (
					"DEBUG=1",
					"$(inherited)",
				);
				GCC_WARN_64_TO_32_BIT_CONVERSION = YES;
				GCC_WARN_ABOUT_RETURN_TYPE = YES_ERROR;
				GCC_WARN_UNDECLARED_SELECTOR = YES;
				GCC_WARN_UNINITIALIZED_AUTOS = YES_AGGRESSIVE;
				GCC_WARN_UNUSED_FUNCTION = YES;
				GCC_WARN_UNUSED_VARIABLE = YES;
				IPHONEOS_DEPLOYMENT_TARGET = 15.0;
				MTL_ENABLE_DEBUG_INFO = INCLUDE_SOURCE;
				MTL_FAST_MATH = YES;
				ONLY_ACTIVE_ARCH = YES;
				SDKROOT = iphoneos;
				SWIFT_ACTIVE_COMPILATION_CONDITIONS = DEBUG;
				SWIFT_OPTIMIZATION_LEVEL = "-Onone";
			};
			name = Debug;
		};
		7532C8BC26C87C50005CBB30 /* Release */ = {
			isa = XCBuildConfiguration;
			buildSettings = {
				ALWAYS_SEARCH_USER_PATHS = NO;
				CLANG_ANALYZER_NONNULL = YES;
				CLANG_ANALYZER_NUMBER_OBJECT_CONVERSION = YES_AGGRESSIVE;
				CLANG_CXX_LANGUAGE_STANDARD = "gnu++14";
				CLANG_CXX_LIBRARY = "libc++";
				CLANG_ENABLE_MODULES = YES;
				CLANG_ENABLE_OBJC_ARC = YES;
				CLANG_ENABLE_OBJC_WEAK = YES;
				CLANG_WARN_BLOCK_CAPTURE_AUTORELEASING = YES;
				CLANG_WARN_BOOL_CONVERSION = YES;
				CLANG_WARN_COMMA = YES;
				CLANG_WARN_CONSTANT_CONVERSION = YES;
				CLANG_WARN_DEPRECATED_OBJC_IMPLEMENTATIONS = YES;
				CLANG_WARN_DIRECT_OBJC_ISA_USAGE = YES_ERROR;
				CLANG_WARN_DOCUMENTATION_COMMENTS = YES;
				CLANG_WARN_EMPTY_BODY = YES;
				CLANG_WARN_ENUM_CONVERSION = YES;
				CLANG_WARN_INFINITE_RECURSION = YES;
				CLANG_WARN_INT_CONVERSION = YES;
				CLANG_WARN_NON_LITERAL_NULL_CONVERSION = YES;
				CLANG_WARN_OBJC_IMPLICIT_RETAIN_SELF = YES;
				CLANG_WARN_OBJC_LITERAL_CONVERSION = YES;
				CLANG_WARN_OBJC_ROOT_CLASS = YES_ERROR;
				CLANG_WARN_QUOTED_INCLUDE_IN_FRAMEWORK_HEADER = YES;
				CLANG_WARN_RANGE_LOOP_ANALYSIS = YES;
				CLANG_WARN_STRICT_PROTOTYPES = YES;
				CLANG_WARN_SUSPICIOUS_MOVE = YES;
				CLANG_WARN_UNGUARDED_AVAILABILITY = YES_AGGRESSIVE;
				CLANG_WARN_UNREACHABLE_CODE = YES;
				CLANG_WARN__DUPLICATE_METHOD_MATCH = YES;
				COPY_PHASE_STRIP = NO;
				DEBUG_INFORMATION_FORMAT = "dwarf-with-dsym";
				ENABLE_NS_ASSERTIONS = NO;
				ENABLE_STRICT_OBJC_MSGSEND = YES;
				GCC_C_LANGUAGE_STANDARD = gnu11;
				GCC_NO_COMMON_BLOCKS = YES;
				GCC_WARN_64_TO_32_BIT_CONVERSION = YES;
				GCC_WARN_ABOUT_RETURN_TYPE = YES_ERROR;
				GCC_WARN_UNDECLARED_SELECTOR = YES;
				GCC_WARN_UNINITIALIZED_AUTOS = YES_AGGRESSIVE;
				GCC_WARN_UNUSED_FUNCTION = YES;
				GCC_WARN_UNUSED_VARIABLE = YES;
				IPHONEOS_DEPLOYMENT_TARGET = 15.0;
				MTL_ENABLE_DEBUG_INFO = NO;
				MTL_FAST_MATH = YES;
				SDKROOT = iphoneos;
				SWIFT_COMPILATION_MODE = wholemodule;
				SWIFT_OPTIMIZATION_LEVEL = "-O";
				VALIDATE_PRODUCT = YES;
			};
			name = Release;
		};
		7532C8BE26C87C50005CBB30 /* Debug */ = {
			isa = XCBuildConfiguration;
			buildSettings = {
				ASSETCATALOG_COMPILER_APPICON_NAME = AppIcon;
				ASSETCATALOG_COMPILER_GLOBAL_ACCENT_COLOR_NAME = AccentColor;
				CODE_SIGN_STYLE = Automatic;
				CURRENT_PROJECT_VERSION = 1;
				DEVELOPMENT_TEAM = QFQW29JWKY;
				GENERATE_INFOPLIST_FILE = YES;
				INFOPLIST_FILE = Places/Info.plist;
				INFOPLIST_KEY_UIApplicationSupportsIndirectInputEvents = YES;
				INFOPLIST_KEY_UILaunchStoryboardName = LaunchScreen;
				INFOPLIST_KEY_UIMainStoryboardFile = Main;
				INFOPLIST_KEY_UISupportedInterfaceOrientations_iPad = "UIInterfaceOrientationPortrait UIInterfaceOrientationPortraitUpsideDown UIInterfaceOrientationLandscapeLeft UIInterfaceOrientationLandscapeRight";
				INFOPLIST_KEY_UISupportedInterfaceOrientations_iPhone = "UIInterfaceOrientationPortrait UIInterfaceOrientationLandscapeLeft UIInterfaceOrientationLandscapeRight";
				LD_RUNPATH_SEARCH_PATHS = (
					"$(inherited)",
					"@executable_path/Frameworks",
				);
				MARKETING_VERSION = 1.0;
				PRODUCT_BUNDLE_IDENTIFIER = com.ChatterBox.Places;
				PRODUCT_NAME = "$(TARGET_NAME)";
				SWIFT_EMIT_LOC_STRINGS = YES;
				SWIFT_VERSION = 5.0;
				TARGETED_DEVICE_FAMILY = "1,2";
			};
			name = Debug;
		};
		7532C8BF26C87C50005CBB30 /* Release */ = {
			isa = XCBuildConfiguration;
			buildSettings = {
				ASSETCATALOG_COMPILER_APPICON_NAME = AppIcon;
				ASSETCATALOG_COMPILER_GLOBAL_ACCENT_COLOR_NAME = AccentColor;
				CODE_SIGN_STYLE = Automatic;
				CURRENT_PROJECT_VERSION = 1;
				DEVELOPMENT_TEAM = QFQW29JWKY;
				GENERATE_INFOPLIST_FILE = YES;
				INFOPLIST_FILE = Places/Info.plist;
				INFOPLIST_KEY_UIApplicationSupportsIndirectInputEvents = YES;
				INFOPLIST_KEY_UILaunchStoryboardName = LaunchScreen;
				INFOPLIST_KEY_UIMainStoryboardFile = Main;
				INFOPLIST_KEY_UISupportedInterfaceOrientations_iPad = "UIInterfaceOrientationPortrait UIInterfaceOrientationPortraitUpsideDown UIInterfaceOrientationLandscapeLeft UIInterfaceOrientationLandscapeRight";
				INFOPLIST_KEY_UISupportedInterfaceOrientations_iPhone = "UIInterfaceOrientationPortrait UIInterfaceOrientationLandscapeLeft UIInterfaceOrientationLandscapeRight";
				LD_RUNPATH_SEARCH_PATHS = (
					"$(inherited)",
					"@executable_path/Frameworks",
				);
				MARKETING_VERSION = 1.0;
				PRODUCT_BUNDLE_IDENTIFIER = com.ChatterBox.Places;
				PRODUCT_NAME = "$(TARGET_NAME)";
				SWIFT_EMIT_LOC_STRINGS = YES;
				SWIFT_VERSION = 5.0;
				TARGETED_DEVICE_FAMILY = "1,2";
			};
			name = Release;
		};
		7532C8C126C87C50005CBB30 /* Debug */ = {
			isa = XCBuildConfiguration;
			buildSettings = {
				ALWAYS_EMBED_SWIFT_STANDARD_LIBRARIES = YES;
				BUNDLE_LOADER = "$(TEST_HOST)";
				CODE_SIGN_STYLE = Automatic;
				CURRENT_PROJECT_VERSION = 1;
				DEVELOPMENT_TEAM = QFQW29JWKY;
				GENERATE_INFOPLIST_FILE = YES;
				IPHONEOS_DEPLOYMENT_TARGET = 15.0;
				LD_RUNPATH_SEARCH_PATHS = (
					"$(inherited)",
					"@executable_path/Frameworks",
					"@loader_path/Frameworks",
				);
				MARKETING_VERSION = 1.0;
				PRODUCT_BUNDLE_IDENTIFIER = com.ChatterBox.PlacesTests;
				PRODUCT_NAME = "$(TARGET_NAME)";
				SWIFT_EMIT_LOC_STRINGS = NO;
				SWIFT_VERSION = 5.0;
				TARGETED_DEVICE_FAMILY = "1,2";
				TEST_HOST = "$(BUILT_PRODUCTS_DIR)/Places.app/Places";
			};
			name = Debug;
		};
		7532C8C226C87C50005CBB30 /* Release */ = {
			isa = XCBuildConfiguration;
			buildSettings = {
				ALWAYS_EMBED_SWIFT_STANDARD_LIBRARIES = YES;
				BUNDLE_LOADER = "$(TEST_HOST)";
				CODE_SIGN_STYLE = Automatic;
				CURRENT_PROJECT_VERSION = 1;
				DEVELOPMENT_TEAM = QFQW29JWKY;
				GENERATE_INFOPLIST_FILE = YES;
				IPHONEOS_DEPLOYMENT_TARGET = 15.0;
				LD_RUNPATH_SEARCH_PATHS = (
					"$(inherited)",
					"@executable_path/Frameworks",
					"@loader_path/Frameworks",
				);
				MARKETING_VERSION = 1.0;
				PRODUCT_BUNDLE_IDENTIFIER = com.ChatterBox.PlacesTests;
				PRODUCT_NAME = "$(TARGET_NAME)";
				SWIFT_EMIT_LOC_STRINGS = NO;
				SWIFT_VERSION = 5.0;
				TARGETED_DEVICE_FAMILY = "1,2";
				TEST_HOST = "$(BUILT_PRODUCTS_DIR)/Places.app/Places";
			};
			name = Release;
		};
		7532C8C426C87C50005CBB30 /* Debug */ = {
			isa = XCBuildConfiguration;
			buildSettings = {
				ALWAYS_EMBED_SWIFT_STANDARD_LIBRARIES = YES;
				CODE_SIGN_STYLE = Automatic;
				CURRENT_PROJECT_VERSION = 1;
				DEVELOPMENT_TEAM = QFQW29JWKY;
				GENERATE_INFOPLIST_FILE = YES;
				LD_RUNPATH_SEARCH_PATHS = (
					"$(inherited)",
					"@executable_path/Frameworks",
					"@loader_path/Frameworks",
				);
				MARKETING_VERSION = 1.0;
				PRODUCT_BUNDLE_IDENTIFIER = com.ChatterBox.PlacesUITests;
				PRODUCT_NAME = "$(TARGET_NAME)";
				SWIFT_EMIT_LOC_STRINGS = NO;
				SWIFT_VERSION = 5.0;
				TARGETED_DEVICE_FAMILY = "1,2";
				TEST_TARGET_NAME = Places;
			};
			name = Debug;
		};
		7532C8C526C87C50005CBB30 /* Release */ = {
			isa = XCBuildConfiguration;
			buildSettings = {
				ALWAYS_EMBED_SWIFT_STANDARD_LIBRARIES = YES;
				CODE_SIGN_STYLE = Automatic;
				CURRENT_PROJECT_VERSION = 1;
				DEVELOPMENT_TEAM = QFQW29JWKY;
				GENERATE_INFOPLIST_FILE = YES;
				LD_RUNPATH_SEARCH_PATHS = (
					"$(inherited)",
					"@executable_path/Frameworks",
					"@loader_path/Frameworks",
				);
				MARKETING_VERSION = 1.0;
				PRODUCT_BUNDLE_IDENTIFIER = com.ChatterBox.PlacesUITests;
				PRODUCT_NAME = "$(TARGET_NAME)";
				SWIFT_EMIT_LOC_STRINGS = NO;
				SWIFT_VERSION = 5.0;
				TARGETED_DEVICE_FAMILY = "1,2";
				TEST_TARGET_NAME = Places;
			};
			name = Release;
		};
/* End XCBuildConfiguration section */

/* Begin XCConfigurationList section */
		7532C89026C87C4C005CBB30 /* Build configuration list for PBXProject "Places" */ = {
			isa = XCConfigurationList;
			buildConfigurations = (
				7532C8BB26C87C50005CBB30 /* Debug */,
				7532C8BC26C87C50005CBB30 /* Release */,
			);
			defaultConfigurationIsVisible = 0;
			defaultConfigurationName = Release;
		};
		7532C8BD26C87C50005CBB30 /* Build configuration list for PBXNativeTarget "Places" */ = {
			isa = XCConfigurationList;
			buildConfigurations = (
				7532C8BE26C87C50005CBB30 /* Debug */,
				7532C8BF26C87C50005CBB30 /* Release */,
			);
			defaultConfigurationIsVisible = 0;
			defaultConfigurationName = Release;
		};
		7532C8C026C87C50005CBB30 /* Build configuration list for PBXNativeTarget "PlacesTests" */ = {
			isa = XCConfigurationList;
			buildConfigurations = (
				7532C8C126C87C50005CBB30 /* Debug */,
				7532C8C226C87C50005CBB30 /* Release */,
			);
			defaultConfigurationIsVisible = 0;
			defaultConfigurationName = Release;
		};
		7532C8C326C87C50005CBB30 /* Build configuration list for PBXNativeTarget "PlacesUITests" */ = {
			isa = XCConfigurationList;
			buildConfigurations = (
				7532C8C426C87C50005CBB30 /* Debug */,
				7532C8C526C87C50005CBB30 /* Release */,
			);
			defaultConfigurationIsVisible = 0;
			defaultConfigurationName = Release;
		};
/* End XCConfigurationList section */
	};
	rootObject = 7532C88D26C87C4C005CBB30 /* Project object */;
}
